
Microsoft Visual Studio Solution File, Format Version 12.00
# Visual Studio Version 16
VisualStudioVersion = 16.0.30011.22
MinimumVisualStudioVersion = 10.0.40219.1
Project("{00D1A9C2-B5F0-4AF3-8072-F6C62B433612}") = "ClrProjectLab", "ClrProjectLab\ClrProjectLab.sqlproj", "{168A2B44-9064-45FA-A155-5AC60E943493}"
EndProject
Global
	GlobalSection(SolutionConfigurationPlatforms) = preSolution
		Debug|Any CPU = Debug|Any CPU
		Release|Any CPU = Release|Any CPU
	EndGlobalSection
	GlobalSection(ProjectConfigurationPlatforms) = postSolution
		{168A2B44-9064-45FA-A155-5AC60E943493}.Debug|Any CPU.ActiveCfg = Debug|Any CPU
		{168A2B44-9064-45FA-A155-5AC60E943493}.Debug|Any CPU.Build.0 = Debug|Any CPU
		{168A2B44-9064-45FA-A155-5AC60E943493}.Debug|Any CPU.Deploy.0 = Debug|Any CPU
		{168A2B44-9064-45FA-A155-5AC60E943493}.Release|Any CPU.ActiveCfg = Release|Any CPU
		{168A2B44-9064-45FA-A155-5AC60E943493}.Release|Any CPU.Build.0 = Release|Any CPU
		{168A2B44-9064-45FA-A155-5AC60E943493}.Release|Any CPU.Deploy.0 = Release|Any CPU
	EndGlobalSection
	GlobalSection(SolutionProperties) = preSolution
		HideSolutionNode = FALSE
	EndGlobalSection
	GlobalSection(ExtensibilityGlobals) = postSolution
		SolutionGuid = {4CC37517-CB58-44C0-9B57-91B1C4B91DE0}
	EndGlobalSection
EndGlobal
